// !$*UTF8*$!
{
	archiveVersion = 1;
	classes = {
	};
	objectVersion = 56;
	objects = {

/* Begin PBXBuildFile section */
		BA72F2232A4D7832000B0A49 /* ToDo_AppApp.swift in Sources */ = {isa = PBXBuildFile; fileRef = BA72F2222A4D7832000B0A49 /* ToDo_AppApp.swift */; };
		BA72F2252A4D7832000B0A49 /* ContentView.swift in Sources */ = {isa = PBXBuildFile; fileRef = BA72F2242A4D7832000B0A49 /* ContentView.swift */; };
		BA72F2272A4D7835000B0A49 /* Assets.xcassets in Resources */ = {isa = PBXBuildFile; fileRef = BA72F2262A4D7835000B0A49 /* Assets.xcassets */; };
		BA72F22A2A4D7835000B0A49 /* Preview Assets.xcassets in Resources */ = {isa = PBXBuildFile; fileRef = BA72F2292A4D7835000B0A49 /* Preview Assets.xcassets */; };
		BA72F22C2A4D7835000B0A49 /* Persistence.swift in Sources */ = {isa = PBXBuildFile; fileRef = BA72F22B2A4D7835000B0A49 /* Persistence.swift */; };
		BA72F22F2A4D7835000B0A49 /* ToDo_App.xcdatamodeld in Sources */ = {isa = PBXBuildFile; fileRef = BA72F22D2A4D7835000B0A49 /* ToDo_App.xcdatamodeld */; };
		BA72F2372A4D78BE000B0A49 /* AddTodoView.swift in Sources */ = {isa = PBXBuildFile; fileRef = BA72F2362A4D78BE000B0A49 /* AddTodoView.swift */; };
		BA72F23A2A4DAE5E000B0A49 /* LaunchScreen.storyboard in Resources */ = {isa = PBXBuildFile; fileRef = BA72F2392A4DAE5E000B0A49 /* LaunchScreen.storyboard */; };
		BA72F23C2A4DB2C3000B0A49 /* EmptyListView.swift in Sources */ = {isa = PBXBuildFile; fileRef = BA72F23B2A4DB2C3000B0A49 /* EmptyListView.swift */; };
		BA72F23E2A52EE09000B0A49 /* SettingsView.swift in Sources */ = {isa = PBXBuildFile; fileRef = BA72F23D2A52EE09000B0A49 /* SettingsView.swift */; };
		BA72F2402A52F3A3000B0A49 /* FormRowStaticView.swift in Sources */ = {isa = PBXBuildFile; fileRef = BA72F23F2A52F3A3000B0A49 /* FormRowStaticView.swift */; };
		BA72F2422A52FB55000B0A49 /* FormRowLinkView.swift in Sources */ = {isa = PBXBuildFile; fileRef = BA72F2412A52FB55000B0A49 /* FormRowLinkView.swift */; };
		BA72F24D2A5414DE000B0A49 /* Blue Light.png in Resources */ = {isa = PBXBuildFile; fileRef = BA72F2442A5414DD000B0A49 /* Blue Light.png */; };
		BA72F24E2A5414DE000B0A49 /* Pink Dark.png in Resources */ = {isa = PBXBuildFile; fileRef = BA72F2452A5414DD000B0A49 /* Pink Dark.png */; };
		BA72F24F2A5414DE000B0A49 /* Blue.png in Resources */ = {isa = PBXBuildFile; fileRef = BA72F2462A5414DE000B0A49 /* Blue.png */; };
		BA72F2502A5414DE000B0A49 /* Green.png in Resources */ = {isa = PBXBuildFile; fileRef = BA72F2472A5414DE000B0A49 /* Green.png */; };
		BA72F2512A5414DE000B0A49 /* Blue Dark.png in Resources */ = {isa = PBXBuildFile; fileRef = BA72F2482A5414DE000B0A49 /* Blue Dark.png */; };
		BA72F2522A5414DE000B0A49 /* Pink.png in Resources */ = {isa = PBXBuildFile; fileRef = BA72F2492A5414DE000B0A49 /* Pink.png */; };
		BA72F2532A5414DE000B0A49 /* Pink Light.png in Resources */ = {isa = PBXBuildFile; fileRef = BA72F24A2A5414DE000B0A49 /* Pink Light.png */; };
		BA72F2542A5414DE000B0A49 /* Green Light.png in Resources */ = {isa = PBXBuildFile; fileRef = BA72F24B2A5414DE000B0A49 /* Green Light.png */; };
		BA72F2552A5414DE000B0A49 /* Green Dark.png in Resources */ = {isa = PBXBuildFile; fileRef = BA72F24C2A5414DE000B0A49 /* Green Dark.png */; };
		BA72F2582A545C85000B0A49 /* AppDelegate.swift in Sources */ = {isa = PBXBuildFile; fileRef = BA72F2572A545C85000B0A49 /* AppDelegate.swift */; };
		BA72F25A2A545CBC000B0A49 /* SceneDelegate.swift in Sources */ = {isa = PBXBuildFile; fileRef = BA72F2592A545CBC000B0A49 /* SceneDelegate.swift */; };
		BA72F25D2A5460A1000B0A49 /* ThemesData.swift in Sources */ = {isa = PBXBuildFile; fileRef = BA72F25C2A5460A1000B0A49 /* ThemesData.swift */; };
		BA72F25F2A5460C5000B0A49 /* ThemesModel.swift in Sources */ = {isa = PBXBuildFile; fileRef = BA72F25E2A5460C5000B0A49 /* ThemesModel.swift */; };
		BA72F2612A5460F6000B0A49 /* ThemesSettings.swift in Sources */ = {isa = PBXBuildFile; fileRef = BA72F2602A5460F6000B0A49 /* ThemesSettings.swift */; };
/* End PBXBuildFile section */

/* Begin PBXFileReference section */
		BA72F21F2A4D7832000B0A49 /* ToDo App.app */ = {isa = PBXFileReference; explicitFileType = wrapper.application; includeInIndex = 0; path = "ToDo App.app"; sourceTree = BUILT_PRODUCTS_DIR; };
		BA72F2222A4D7832000B0A49 /* ToDo_AppApp.swift */ = {isa = PBXFileReference; lastKnownFileType = sourcecode.swift; path = ToDo_AppApp.swift; sourceTree = "<group>"; };
		BA72F2242A4D7832000B0A49 /* ContentView.swift */ = {isa = PBXFileReference; lastKnownFileType = sourcecode.swift; path = ContentView.swift; sourceTree = "<group>"; };
		BA72F2262A4D7835000B0A49 /* Assets.xcassets */ = {isa = PBXFileReference; lastKnownFileType = folder.assetcatalog; path = Assets.xcassets; sourceTree = "<group>"; };
		BA72F2292A4D7835000B0A49 /* Preview Assets.xcassets */ = {isa = PBXFileReference; lastKnownFileType = folder.assetcatalog; path = "Preview Assets.xcassets"; sourceTree = "<group>"; };
		BA72F22B2A4D7835000B0A49 /* Persistence.swift */ = {isa = PBXFileReference; lastKnownFileType = sourcecode.swift; path = Persistence.swift; sourceTree = "<group>"; };
		BA72F22E2A4D7835000B0A49 /* ToDo_App.xcdatamodel */ = {isa = PBXFileReference; lastKnownFileType = wrapper.xcdatamodel; path = ToDo_App.xcdatamodel; sourceTree = "<group>"; };
		BA72F2362A4D78BE000B0A49 /* AddTodoView.swift */ = {isa = PBXFileReference; lastKnownFileType = sourcecode.swift; path = AddTodoView.swift; sourceTree = "<group>"; };
		BA72F2392A4DAE5E000B0A49 /* LaunchScreen.storyboard */ = {isa = PBXFileReference; lastKnownFileType = file.storyboard; path = LaunchScreen.storyboard; sourceTree = "<group>"; };
		BA72F23B2A4DB2C3000B0A49 /* EmptyListView.swift */ = {isa = PBXFileReference; lastKnownFileType = sourcecode.swift; path = EmptyListView.swift; sourceTree = "<group>"; };
		BA72F23D2A52EE09000B0A49 /* SettingsView.swift */ = {isa = PBXFileReference; lastKnownFileType = sourcecode.swift; path = SettingsView.swift; sourceTree = "<group>"; };
		BA72F23F2A52F3A3000B0A49 /* FormRowStaticView.swift */ = {isa = PBXFileReference; lastKnownFileType = sourcecode.swift; path = FormRowStaticView.swift; sourceTree = "<group>"; };
		BA72F2412A52FB55000B0A49 /* FormRowLinkView.swift */ = {isa = PBXFileReference; lastKnownFileType = sourcecode.swift; path = FormRowLinkView.swift; sourceTree = "<group>"; };
		BA72F2442A5414DD000B0A49 /* Blue Light.png */ = {isa = PBXFileReference; lastKnownFileType = image.png; path = "Blue Light.png"; sourceTree = "<group>"; };
		BA72F2452A5414DD000B0A49 /* Pink Dark.png */ = {isa = PBXFileReference; lastKnownFileType = image.png; path = "Pink Dark.png"; sourceTree = "<group>"; };
		BA72F2462A5414DE000B0A49 /* Blue.png */ = {isa = PBXFileReference; lastKnownFileType = image.png; path = Blue.png; sourceTree = "<group>"; };
		BA72F2472A5414DE000B0A49 /* Green.png */ = {isa = PBXFileReference; lastKnownFileType = image.png; path = Green.png; sourceTree = "<group>"; };
		BA72F2482A5414DE000B0A49 /* Blue Dark.png */ = {isa = PBXFileReference; lastKnownFileType = image.png; path = "Blue Dark.png"; sourceTree = "<group>"; };
		BA72F2492A5414DE000B0A49 /* Pink.png */ = {isa = PBXFileReference; lastKnownFileType = image.png; path = Pink.png; sourceTree = "<group>"; };
		BA72F24A2A5414DE000B0A49 /* Pink Light.png */ = {isa = PBXFileReference; lastKnownFileType = image.png; path = "Pink Light.png"; sourceTree = "<group>"; };
		BA72F24B2A5414DE000B0A49 /* Green Light.png */ = {isa = PBXFileReference; lastKnownFileType = image.png; path = "Green Light.png"; sourceTree = "<group>"; };
		BA72F24C2A5414DE000B0A49 /* Green Dark.png */ = {isa = PBXFileReference; lastKnownFileType = image.png; path = "Green Dark.png"; sourceTree = "<group>"; };
		BA72F2562A5415D1000B0A49 /* ToDo-App-Info.plist */ = {isa = PBXFileReference; lastKnownFileType = text.plist; path = "ToDo-App-Info.plist"; sourceTree = SOURCE_ROOT; };
		BA72F2572A545C85000B0A49 /* AppDelegate.swift */ = {isa = PBXFileReference; lastKnownFileType = sourcecode.swift; path = AppDelegate.swift; sourceTree = "<group>"; };
		BA72F2592A545CBC000B0A49 /* SceneDelegate.swift */ = {isa = PBXFileReference; lastKnownFileType = sourcecode.swift; path = SceneDelegate.swift; sourceTree = "<group>"; };
		BA72F25C2A5460A1000B0A49 /* ThemesData.swift */ = {isa = PBXFileReference; lastKnownFileType = sourcecode.swift; path = ThemesData.swift; sourceTree = "<group>"; };
		BA72F25E2A5460C5000B0A49 /* ThemesModel.swift */ = {isa = PBXFileReference; lastKnownFileType = sourcecode.swift; path = ThemesModel.swift; sourceTree = "<group>"; };
		BA72F2602A5460F6000B0A49 /* ThemesSettings.swift */ = {isa = PBXFileReference; lastKnownFileType = sourcecode.swift; path = ThemesSettings.swift; sourceTree = "<group>"; };
/* End PBXFileReference section */

/* Begin PBXFrameworksBuildPhase section */
		BA72F21C2A4D7832000B0A49 /* Frameworks */ = {
			isa = PBXFrameworksBuildPhase;
			buildActionMask = 2147483647;
			files = (
			);
			runOnlyForDeploymentPostprocessing = 0;
		};
/* End PBXFrameworksBuildPhase section */

/* Begin PBXGroup section */
		BA72F2162A4D7832000B0A49 = {
			isa = PBXGroup;
			children = (
				BA72F2212A4D7832000B0A49 /* ToDo App */,
				BA72F2202A4D7832000B0A49 /* Products */,
			);
			sourceTree = "<group>";
		};
		BA72F2202A4D7832000B0A49 /* Products */ = {
			isa = PBXGroup;
			children = (
				BA72F21F2A4D7832000B0A49 /* ToDo App.app */,
			);
			name = Products;
			sourceTree = "<group>";
		};
		BA72F2212A4D7832000B0A49 /* ToDo App */ = {
			isa = PBXGroup;
			children = (
				BA72F25B2A546071000B0A49 /* Themes */,
				BA72F2562A5415D1000B0A49 /* ToDo-App-Info.plist */,
				BA72F2432A5414BB000B0A49 /* Icons */,
				BA72F2352A4D7876000B0A49 /* View */,
				BA72F2222A4D7832000B0A49 /* ToDo_AppApp.swift */,
				BA72F2262A4D7835000B0A49 /* Assets.xcassets */,
				BA72F2392A4DAE5E000B0A49 /* LaunchScreen.storyboard */,
				BA72F22B2A4D7835000B0A49 /* Persistence.swift */,
				BA72F22D2A4D7835000B0A49 /* ToDo_App.xcdatamodeld */,
				BA72F2282A4D7835000B0A49 /* Preview Content */,
				BA72F2572A545C85000B0A49 /* AppDelegate.swift */,
				BA72F2592A545CBC000B0A49 /* SceneDelegate.swift */,
			);
			path = "ToDo App";
			sourceTree = "<group>";
		};
		BA72F2282A4D7835000B0A49 /* Preview Content */ = {
			isa = PBXGroup;
			children = (
				BA72F2292A4D7835000B0A49 /* Preview Assets.xcassets */,
			);
			path = "Preview Content";
			sourceTree = "<group>";
		};
		BA72F2352A4D7876000B0A49 /* View */ = {
			isa = PBXGroup;
			children = (
				BA72F2242A4D7832000B0A49 /* ContentView.swift */,
				BA72F2362A4D78BE000B0A49 /* AddTodoView.swift */,
				BA72F23B2A4DB2C3000B0A49 /* EmptyListView.swift */,
				BA72F23D2A52EE09000B0A49 /* SettingsView.swift */,
				BA72F23F2A52F3A3000B0A49 /* FormRowStaticView.swift */,
				BA72F2412A52FB55000B0A49 /* FormRowLinkView.swift */,
			);
			path = View;
			sourceTree = "<group>";
		};
		BA72F2432A5414BB000B0A49 /* Icons */ = {
			isa = PBXGroup;
			children = (
				BA72F2482A5414DE000B0A49 /* Blue Dark.png */,
				BA72F2442A5414DD000B0A49 /* Blue Light.png */,
				BA72F2462A5414DE000B0A49 /* Blue.png */,
				BA72F24C2A5414DE000B0A49 /* Green Dark.png */,
				BA72F24B2A5414DE000B0A49 /* Green Light.png */,
				BA72F2472A5414DE000B0A49 /* Green.png */,
				BA72F2452A5414DD000B0A49 /* Pink Dark.png */,
				BA72F24A2A5414DE000B0A49 /* Pink Light.png */,
				BA72F2492A5414DE000B0A49 /* Pink.png */,
			);
			path = Icons;
			sourceTree = "<group>";
		};
		BA72F25B2A546071000B0A49 /* Themes */ = {
			isa = PBXGroup;
			children = (
				BA72F25C2A5460A1000B0A49 /* ThemesData.swift */,
				BA72F25E2A5460C5000B0A49 /* ThemesModel.swift */,
				BA72F2602A5460F6000B0A49 /* ThemesSettings.swift */,
			);
			path = Themes;
			sourceTree = "<group>";
		};
/* End PBXGroup section */

/* Begin PBXNativeTarget section */
		BA72F21E2A4D7832000B0A49 /* ToDo App */ = {
			isa = PBXNativeTarget;
			buildConfigurationList = BA72F2322A4D7835000B0A49 /* Build configuration list for PBXNativeTarget "ToDo App" */;
			buildPhases = (
				BA72F21B2A4D7832000B0A49 /* Sources */,
				BA72F21C2A4D7832000B0A49 /* Frameworks */,
				BA72F21D2A4D7832000B0A49 /* Resources */,
			);
			buildRules = (
			);
			dependencies = (
			);
			name = "ToDo App";
			productName = "ToDo App";
			productReference = BA72F21F2A4D7832000B0A49 /* ToDo App.app */;
			productType = "com.apple.product-type.application";
		};
/* End PBXNativeTarget section */

/* Begin PBXProject section */
		BA72F2172A4D7832000B0A49 /* Project object */ = {
			isa = PBXProject;
			attributes = {
				BuildIndependentTargetsInParallel = 1;
				LastSwiftUpdateCheck = 1420;
				LastUpgradeCheck = 1420;
				TargetAttributes = {
					BA72F21E2A4D7832000B0A49 = {
						CreatedOnToolsVersion = 14.2;
					};
				};
			};
			buildConfigurationList = BA72F21A2A4D7832000B0A49 /* Build configuration list for PBXProject "ToDo App" */;
			compatibilityVersion = "Xcode 14.0";
			developmentRegion = en;
			hasScannedForEncodings = 0;
			knownRegions = (
				en,
				Base,
			);
			mainGroup = BA72F2162A4D7832000B0A49;
			productRefGroup = BA72F2202A4D7832000B0A49 /* Products */;
			projectDirPath = "";
			projectRoot = "";
			targets = (
				BA72F21E2A4D7832000B0A49 /* ToDo App */,
			);
		};
/* End PBXProject section */

/* Begin PBXResourcesBuildPhase section */
		BA72F21D2A4D7832000B0A49 /* Resources */ = {
			isa = PBXResourcesBuildPhase;
			buildActionMask = 2147483647;
			files = (
				BA72F2552A5414DE000B0A49 /* Green Dark.png in Resources */,
				BA72F2522A5414DE000B0A49 /* Pink.png in Resources */,
				BA72F23A2A4DAE5E000B0A49 /* LaunchScreen.storyboard in Resources */,
				BA72F24D2A5414DE000B0A49 /* Blue Light.png in Resources */,
				BA72F2512A5414DE000B0A49 /* Blue Dark.png in Resources */,
				BA72F22A2A4D7835000B0A49 /* Preview Assets.xcassets in Resources */,
				BA72F2502A5414DE000B0A49 /* Green.png in Resources */,
				BA72F24F2A5414DE000B0A49 /* Blue.png in Resources */,
				BA72F2532A5414DE000B0A49 /* Pink Light.png in Resources */,
				BA72F2542A5414DE000B0A49 /* Green Light.png in Resources */,
				BA72F2272A4D7835000B0A49 /* Assets.xcassets in Resources */,
				BA72F24E2A5414DE000B0A49 /* Pink Dark.png in Resources */,
			);
			runOnlyForDeploymentPostprocessing = 0;
		};
/* End PBXResourcesBuildPhase section */

/* Begin PBXSourcesBuildPhase section */
		BA72F21B2A4D7832000B0A49 /* Sources */ = {
			isa = PBXSourcesBuildPhase;
			buildActionMask = 2147483647;
			files = (
				BA72F23E2A52EE09000B0A49 /* SettingsView.swift in Sources */,
				BA72F2402A52F3A3000B0A49 /* FormRowStaticView.swift in Sources */,
				BA72F2422A52FB55000B0A49 /* FormRowLinkView.swift in Sources */,
				BA72F22C2A4D7835000B0A49 /* Persistence.swift in Sources */,
				BA72F2252A4D7832000B0A49 /* ContentView.swift in Sources */,
				BA72F23C2A4DB2C3000B0A49 /* EmptyListView.swift in Sources */,
				BA72F2612A5460F6000B0A49 /* ThemesSettings.swift in Sources */,
				BA72F2232A4D7832000B0A49 /* ToDo_AppApp.swift in Sources */,
				BA72F25D2A5460A1000B0A49 /* ThemesData.swift in Sources */,
				BA72F25F2A5460C5000B0A49 /* ThemesModel.swift in Sources */,
				BA72F25A2A545CBC000B0A49 /* SceneDelegate.swift in Sources */,
				BA72F22F2A4D7835000B0A49 /* ToDo_App.xcdatamodeld in Sources */,
				BA72F2582A545C85000B0A49 /* AppDelegate.swift in Sources */,
				BA72F2372A4D78BE000B0A49 /* AddTodoView.swift in Sources */,
			);
			runOnlyForDeploymentPostprocessing = 0;
		};
/* End PBXSourcesBuildPhase section */

/* Begin XCBuildConfiguration section */
		BA72F2302A4D7835000B0A49 /* Debug */ = {
			isa = XCBuildConfiguration;
			buildSettings = {
				ALWAYS_SEARCH_USER_PATHS = NO;
				CLANG_ANALYZER_NONNULL = YES;
				CLANG_ANALYZER_NUMBER_OBJECT_CONVERSION = YES_AGGRESSIVE;
				CLANG_CXX_LANGUAGE_STANDARD = "gnu++20";
				CLANG_ENABLE_MODULES = YES;
				CLANG_ENABLE_OBJC_ARC = YES;
				CLANG_ENABLE_OBJC_WEAK = YES;
				CLANG_WARN_BLOCK_CAPTURE_AUTORELEASING = YES;
				CLANG_WARN_BOOL_CONVERSION = YES;
				CLANG_WARN_COMMA = YES;
				CLANG_WARN_CONSTANT_CONVERSION = YES;
				CLANG_WARN_DEPRECATED_OBJC_IMPLEMENTATIONS = YES;
				CLANG_WARN_DIRECT_OBJC_ISA_USAGE = YES_ERROR;
				CLANG_WARN_DOCUMENTATION_COMMENTS = YES;
				CLANG_WARN_EMPTY_BODY = YES;
				CLANG_WARN_ENUM_CONVERSION = YES;
				CLANG_WARN_INFINITE_RECURSION = YES;
				CLANG_WARN_INT_CONVERSION = YES;
				CLANG_WARN_NON_LITERAL_NULL_CONVERSION = YES;
				CLANG_WARN_OBJC_IMPLICIT_RETAIN_SELF = YES;
				CLANG_WARN_OBJC_LITERAL_CONVERSION = YES;
				CLANG_WARN_OBJC_ROOT_CLASS = YES_ERROR;
				CLANG_WARN_QUOTED_INCLUDE_IN_FRAMEWORK_HEADER = YES;
				CLANG_WARN_RANGE_LOOP_ANALYSIS = YES;
				CLANG_WARN_STRICT_PROTOTYPES = YES;
				CLANG_WARN_SUSPICIOUS_MOVE = YES;
				CLANG_WARN_UNGUARDED_AVAILABILITY = YES_AGGRESSIVE;
				CLANG_WARN_UNREACHABLE_CODE = YES;
				CLANG_WARN__DUPLICATE_METHOD_MATCH = YES;
				COPY_PHASE_STRIP = NO;
				DEBUG_INFORMATION_FORMAT = dwarf;
				ENABLE_STRICT_OBJC_MSGSEND = YES;
				ENABLE_TESTABILITY = YES;
				GCC_C_LANGUAGE_STANDARD = gnu11;
				GCC_DYNAMIC_NO_PIC = NO;
				GCC_NO_COMMON_BLOCKS = YES;
				GCC_OPTIMIZATION_LEVEL = 0;
				GCC_PREPROCESSOR_DEFINITIONS = (
					"DEBUG=1",
					"$(inherited)",
				);
				GCC_WARN_64_TO_32_BIT_CONVERSION = YES;
				GCC_WARN_ABOUT_RETURN_TYPE = YES_ERROR;
				GCC_WARN_UNDECLARED_SELECTOR = YES;
				GCC_WARN_UNINITIALIZED_AUTOS = YES_AGGRESSIVE;
				GCC_WARN_UNUSED_FUNCTION = YES;
				GCC_WARN_UNUSED_VARIABLE = YES;
				IPHONEOS_DEPLOYMENT_TARGET = 16.2;
				MTL_ENABLE_DEBUG_INFO = INCLUDE_SOURCE;
				MTL_FAST_MATH = YES;
				ONLY_ACTIVE_ARCH = YES;
				SDKROOT = iphoneos;
				SWIFT_ACTIVE_COMPILATION_CONDITIONS = DEBUG;
				SWIFT_OPTIMIZATION_LEVEL = "-Onone";
			};
			name = Debug;
		};
		BA72F2312A4D7835000B0A49 /* Release */ = {
			isa = XCBuildConfiguration;
			buildSettings = {
				ALWAYS_SEARCH_USER_PATHS = NO;
				CLANG_ANALYZER_NONNULL = YES;
				CLANG_ANALYZER_NUMBER_OBJECT_CONVERSION = YES_AGGRESSIVE;
				CLANG_CXX_LANGUAGE_STANDARD = "gnu++20";
				CLANG_ENABLE_MODULES = YES;
				CLANG_ENABLE_OBJC_ARC = YES;
				CLANG_ENABLE_OBJC_WEAK = YES;
				CLANG_WARN_BLOCK_CAPTURE_AUTORELEASING = YES;
				CLANG_WARN_BOOL_CONVERSION = YES;
				CLANG_WARN_COMMA = YES;
				CLANG_WARN_CONSTANT_CONVERSION = YES;
				CLANG_WARN_DEPRECATED_OBJC_IMPLEMENTATIONS = YES;
				CLANG_WARN_DIRECT_OBJC_ISA_USAGE = YES_ERROR;
				CLANG_WARN_DOCUMENTATION_COMMENTS = YES;
				CLANG_WARN_EMPTY_BODY = YES;
				CLANG_WARN_ENUM_CONVERSION = YES;
				CLANG_WARN_INFINITE_RECURSION = YES;
				CLANG_WARN_INT_CONVERSION = YES;
				CLANG_WARN_NON_LITERAL_NULL_CONVERSION = YES;
				CLANG_WARN_OBJC_IMPLICIT_RETAIN_SELF = YES;
				CLANG_WARN_OBJC_LITERAL_CONVERSION = YES;
				CLANG_WARN_OBJC_ROOT_CLASS = YES_ERROR;
				CLANG_WARN_QUOTED_INCLUDE_IN_FRAMEWORK_HEADER = YES;
				CLANG_WARN_RANGE_LOOP_ANALYSIS = YES;
				CLANG_WARN_STRICT_PROTOTYPES = YES;
				CLANG_WARN_SUSPICIOUS_MOVE = YES;
				CLANG_WARN_UNGUARDED_AVAILABILITY = YES_AGGRESSIVE;
				CLANG_WARN_UNREACHABLE_CODE = YES;
				CLANG_WARN__DUPLICATE_METHOD_MATCH = YES;
				COPY_PHASE_STRIP = NO;
				DEBUG_INFORMATION_FORMAT = "dwarf-with-dsym";
				ENABLE_NS_ASSERTIONS = NO;
				ENABLE_STRICT_OBJC_MSGSEND = YES;
				GCC_C_LANGUAGE_STANDARD = gnu11;
				GCC_NO_COMMON_BLOCKS = YES;
				GCC_WARN_64_TO_32_BIT_CONVERSION = YES;
				GCC_WARN_ABOUT_RETURN_TYPE = YES_ERROR;
				GCC_WARN_UNDECLARED_SELECTOR = YES;
				GCC_WARN_UNINITIALIZED_AUTOS = YES_AGGRESSIVE;
				GCC_WARN_UNUSED_FUNCTION = YES;
				GCC_WARN_UNUSED_VARIABLE = YES;
				IPHONEOS_DEPLOYMENT_TARGET = 16.2;
				MTL_ENABLE_DEBUG_INFO = NO;
				MTL_FAST_MATH = YES;
				SDKROOT = iphoneos;
				SWIFT_COMPILATION_MODE = wholemodule;
				SWIFT_OPTIMIZATION_LEVEL = "-O";
				VALIDATE_PRODUCT = YES;
			};
			name = Release;
		};
		BA72F2332A4D7835000B0A49 /* Debug */ = {
			isa = XCBuildConfiguration;
			buildSettings = {
				ASSETCATALOG_COMPILER_APPICON_NAME = AppIcon;
				ASSETCATALOG_COMPILER_GLOBAL_ACCENT_COLOR_NAME = AccentColor;
				CODE_SIGN_STYLE = Automatic;
				CURRENT_PROJECT_VERSION = 1;
				DEVELOPMENT_ASSET_PATHS = "\"ToDo App/Preview Content\"";
				DEVELOPMENT_TEAM = C25857C3M7;
				ENABLE_PREVIEWS = YES;
				GENERATE_INFOPLIST_FILE = YES;
				INFOPLIST_FILE = "ToDo-App-Info.plist";
				INFOPLIST_KEY_UIApplicationSceneManifest_Generation = YES;
				INFOPLIST_KEY_UIApplicationSupportsIndirectInputEvents = YES;
				INFOPLIST_KEY_UILaunchScreen_Generation = YES;
				INFOPLIST_KEY_UISupportedInterfaceOrientations = UIInterfaceOrientationPortrait;
				LD_RUNPATH_SEARCH_PATHS = (
					"$(inherited)",
					"@executable_path/Frameworks",
				);
				MARKETING_VERSION = 1.0;
				PRODUCT_BUNDLE_IDENTIFIER = "Steffanie-Sharma.ToDo-App";
				PRODUCT_NAME = "$(TARGET_NAME)";
				SWIFT_EMIT_LOC_STRINGS = YES;
				SWIFT_VERSION = 5.0;
				TARGETED_DEVICE_FAMILY = "1,2";
			};
			name = Debug;
		};
		BA72F2342A4D7835000B0A49 /* Release */ = {
			isa = XCBuildConfiguration;
			buildSettings = {
				ASSETCATALOG_COMPILER_APPICON_NAME = AppIcon;
				ASSETCATALOG_COMPILER_GLOBAL_ACCENT_COLOR_NAME = AccentColor;
				CODE_SIGN_STYLE = Automatic;
				CURRENT_PROJECT_VERSION = 1;
				DEVELOPMENT_ASSET_PATHS = "\"ToDo App/Preview Content\"";
				DEVELOPMENT_TEAM = C25857C3M7;
				ENABLE_PREVIEWS = YES;
				GENERATE_INFOPLIST_FILE = YES;
				INFOPLIST_FILE = "ToDo-App-Info.plist";
				INFOPLIST_KEY_UIApplicationSceneManifest_Generation = YES;
				INFOPLIST_KEY_UIApplicationSupportsIndirectInputEvents = YES;
				INFOPLIST_KEY_UILaunchScreen_Generation = YES;
				INFOPLIST_KEY_UISupportedInterfaceOrientations = UIInterfaceOrientationPortrait;
				LD_RUNPATH_SEARCH_PATHS = (
					"$(inherited)",
					"@executable_path/Frameworks",
				);
				MARKETING_VERSION = 1.0;
				PRODUCT_BUNDLE_IDENTIFIER = "Steffanie-Sharma.ToDo-App";
				PRODUCT_NAME = "$(TARGET_NAME)";
				SWIFT_EMIT_LOC_STRINGS = YES;
				SWIFT_VERSION = 5.0;
				TARGETED_DEVICE_FAMILY = "1,2";
			};
			name = Release;
		};
/* End XCBuildConfiguration section */

/* Begin XCConfigurationList section */
		BA72F21A2A4D7832000B0A49 /* Build configuration list for PBXProject "ToDo App" */ = {
			isa = XCConfigurationList;
			buildConfigurations = (
				BA72F2302A4D7835000B0A49 /* Debug */,
				BA72F2312A4D7835000B0A49 /* Release */,
			);
			defaultConfigurationIsVisible = 0;
			defaultConfigurationName = Release;
		};
		BA72F2322A4D7835000B0A49 /* Build configuration list for PBXNativeTarget "ToDo App" */ = {
			isa = XCConfigurationList;
			buildConfigurations = (
				BA72F2332A4D7835000B0A49 /* Debug */,
				BA72F2342A4D7835000B0A49 /* Release */,
			);
			defaultConfigurationIsVisible = 0;
			defaultConfigurationName = Release;
		};
/* End XCConfigurationList section */

/* Begin XCVersionGroup section */
		BA72F22D2A4D7835000B0A49 /* ToDo_App.xcdatamodeld */ = {
			isa = XCVersionGroup;
			children = (
				BA72F22E2A4D7835000B0A49 /* ToDo_App.xcdatamodel */,
			);
			currentVersion = BA72F22E2A4D7835000B0A49 /* ToDo_App.xcdatamodel */;
			path = ToDo_App.xcdatamodeld;
			sourceTree = "<group>";
			versionGroupType = wrapper.xcdatamodel;
		};
/* End XCVersionGroup section */
	};
	rootObject = BA72F2172A4D7832000B0A49 /* Project object */;
}
